
Microsoft Visual Studio Solution File, Format Version 12.00
# Visual Studio Version 17
VisualStudioVersion = 17.12.35514.174
MinimumVisualStudioVersion = 10.0.40219.1
Project("{8BC9CEB8-8B4A-11D0-8D11-00A0C91BC942}") = "Application", "Application\Application.vcxproj", "{5BC1A6E9-DDF8-4F7D-9A20-0D80F3F6FA4E}"
EndProject
Project("{8BC9CEB8-8B4A-11D0-8D11-00A0C91BC942}") = "ImGui", "ImGui\ImGui.vcxproj", "{A0561E24-3224-4538-AD3A-7BDD7180BF26}"
EndProject
Global
	GlobalSection(SolutionConfigurationPlatforms) = preSolution
		Debug|x64 = Debug|x64
		Release|x64 = Release|x64
	EndGlobalSection
	GlobalSection(ProjectConfigurationPlatforms) = postSolution
		{5BC1A6E9-DDF8-4F7D-9A20-0D80F3F6FA4E}.Debug|x64.ActiveCfg = Debug|x64
		{5BC1A6E9-DDF8-4F7D-9A20-0D80F3F6FA4E}.Debug|x64.Build.0 = Debug|x64
		{5BC1A6E9-DDF8-4F7D-9A20-0D80F3F6FA4E}.Release|x64.ActiveCfg = Release|x64
		{5BC1A6E9-DDF8-4F7D-9A20-0D80F3F6FA4E}.Release|x64.Build.0 = Release|x64
		{A0561E24-3224-4538-AD3A-7BDD7180BF26}.Debug|x64.ActiveCfg = Debug|x64
		{A0561E24-3224-4538-AD3A-7BDD7180BF26}.Debug|x64.Build.0 = Debug|x64
		{A0561E24-3224-4538-AD3A-7BDD7180BF26}.Release|x64.ActiveCfg = Release|x64
		{A0561E24-3224-4538-AD3A-7BDD7180BF26}.Release|x64.Build.0 = Release|x64
	EndGlobalSection
	GlobalSection(SolutionProperties) = preSolution
		HideSolutionNode = FALSE
	EndGlobalSection
EndGlobal
